
Microsoft Visual Studio Solution File, Format Version 12.00
# Visual Studio Version 17
VisualStudioVersion = 17.8.34525.116
MinimumVisualStudioVersion = 10.0.40219.1
Project("{FAE04EC0-301F-11D3-BF4B-00C04F79EFBC}") = "TranscribeAudio.Console", "TranscribeAudio.Console\TranscribeAudio.Console.csproj", "{0EEBCDEC-0657-4046-88BD-6D9581B72F03}"
EndProject
Project("{FAE04EC0-301F-11D3-BF4B-00C04F79EFBC}") = "TranscribeAudio.Logic", "TranscribeAudio.Logic\TranscribeAudio.Logic.csproj", "{DB4BBB0F-2C38-4AAC-BBE2-95BC5A321400}"
EndProject
Global
	GlobalSection(SolutionConfigurationPlatforms) = preSolution
		Debug|Any CPU = Debug|Any CPU
		Release|Any CPU = Release|Any CPU
	EndGlobalSection
	GlobalSection(ProjectConfigurationPlatforms) = postSolution
		{0EEBCDEC-0657-4046-88BD-6D9581B72F03}.Debug|Any CPU.ActiveCfg = Debug|Any CPU
		{0EEBCDEC-0657-4046-88BD-6D9581B72F03}.Debug|Any CPU.Build.0 = Debug|Any CPU
		{0EEBCDEC-0657-4046-88BD-6D9581B72F03}.Release|Any CPU.ActiveCfg = Release|Any CPU
		{0EEBCDEC-0657-4046-88BD-6D9581B72F03}.Release|Any CPU.Build.0 = Release|Any CPU
		{DB4BBB0F-2C38-4AAC-BBE2-95BC5A321400}.Debug|Any CPU.ActiveCfg = Debug|Any CPU
		{DB4BBB0F-2C38-4AAC-BBE2-95BC5A321400}.Debug|Any CPU.Build.0 = Debug|Any CPU
		{DB4BBB0F-2C38-4AAC-BBE2-95BC5A321400}.Release|Any CPU.ActiveCfg = Release|Any CPU
		{DB4BBB0F-2C38-4AAC-BBE2-95BC5A321400}.Release|Any CPU.Build.0 = Release|Any CPU
	EndGlobalSection
	GlobalSection(SolutionProperties) = preSolution
		HideSolutionNode = FALSE
	EndGlobalSection
	GlobalSection(ExtensibilityGlobals) = postSolution
		SolutionGuid = {FB030050-A7ED-4994-B001-592E2C3541DD}
	EndGlobalSection
EndGlobal
